// !$*UTF8*$!
{
	archiveVersion = 1;
	classes = {
	};
	objectVersion = 50;
	objects = {

/* Begin PBXBuildFile section */
		290B6B9621DF65EB00C8CE2F /* AppDelegate.swift in Sources */ = {isa = PBXBuildFile; fileRef = 290B6B9521DF65EB00C8CE2F /* AppDelegate.swift */; };
		290B6B9B21DF65EB00C8CE2F /* Main.storyboard in Resources */ = {isa = PBXBuildFile; fileRef = 290B6B9921DF65EB00C8CE2F /* Main.storyboard */; };
		290B6B9D21DF65ED00C8CE2F /* Assets.xcassets in Resources */ = {isa = PBXBuildFile; fileRef = 290B6B9C21DF65ED00C8CE2F /* Assets.xcassets */; };
		290B6BA021DF65ED00C8CE2F /* LaunchScreen.storyboard in Resources */ = {isa = PBXBuildFile; fileRef = 290B6B9E21DF65ED00C8CE2F /* LaunchScreen.storyboard */; };
		290B6BB221DF696700C8CE2F /* TinyPresentKit.framework in Frameworks */ = {isa = PBXBuildFile; fileRef = 290B6BB121DF696700C8CE2F /* TinyPresentKit.framework */; };
		291620EE21E741D50035A3B6 /* PickerViewController.swift in Sources */ = {isa = PBXBuildFile; fileRef = 291620ED21E741D50035A3B6 /* PickerViewController.swift */; };
		291620F021E7423C0035A3B6 /* DisplayModel.swift in Sources */ = {isa = PBXBuildFile; fileRef = 291620EF21E7423C0035A3B6 /* DisplayModel.swift */; };
		291620F221E742BF0035A3B6 /* TinyExtension.swift in Sources */ = {isa = PBXBuildFile; fileRef = 291620F121E742BE0035A3B6 /* TinyExtension.swift */; };
		291620F421E74D680035A3B6 /* DemosTableViewController.swift in Sources */ = {isa = PBXBuildFile; fileRef = 291620F321E74D680035A3B6 /* DemosTableViewController.swift */; };
		D2CDB9BDFD2D8AAE162DA0DD /* Pods_TinyPresentKitExamples.framework in Frameworks */ = {isa = PBXBuildFile; fileRef = 128AA41E04F5590C2BA19F3E /* Pods_TinyPresentKitExamples.framework */; };
/* End PBXBuildFile section */

/* Begin PBXFileReference section */
		128AA41E04F5590C2BA19F3E /* Pods_TinyPresentKitExamples.framework */ = {isa = PBXFileReference; explicitFileType = wrapper.framework; includeInIndex = 0; path = Pods_TinyPresentKitExamples.framework; sourceTree = BUILT_PRODUCTS_DIR; };
		290B6B9221DF65EB00C8CE2F /* TinyPresentKitExamles.app */ = {isa = PBXFileReference; explicitFileType = wrapper.application; includeInIndex = 0; path = TinyPresentKitExamles.app; sourceTree = BUILT_PRODUCTS_DIR; };
		290B6B9521DF65EB00C8CE2F /* AppDelegate.swift */ = {isa = PBXFileReference; lastKnownFileType = sourcecode.swift; path = AppDelegate.swift; sourceTree = "<group>"; };
		290B6B9A21DF65EB00C8CE2F /* Base */ = {isa = PBXFileReference; lastKnownFileType = file.storyboard; name = Base; path = Base.lproj/Main.storyboard; sourceTree = "<group>"; };
		290B6B9C21DF65ED00C8CE2F /* Assets.xcassets */ = {isa = PBXFileReference; lastKnownFileType = folder.assetcatalog; path = Assets.xcassets; sourceTree = "<group>"; };
		290B6B9F21DF65ED00C8CE2F /* Base */ = {isa = PBXFileReference; lastKnownFileType = file.storyboard; name = Base; path = Base.lproj/LaunchScreen.storyboard; sourceTree = "<group>"; };
		290B6BA121DF65ED00C8CE2F /* Info.plist */ = {isa = PBXFileReference; lastKnownFileType = text.plist.xml; path = Info.plist; sourceTree = "<group>"; };
		290B6BB121DF696700C8CE2F /* TinyPresentKit.framework */ = {isa = PBXFileReference; explicitFileType = wrapper.framework; path = TinyPresentKit.framework; sourceTree = BUILT_PRODUCTS_DIR; };
		291620ED21E741D50035A3B6 /* PickerViewController.swift */ = {isa = PBXFileReference; fileEncoding = 4; lastKnownFileType = sourcecode.swift; path = PickerViewController.swift; sourceTree = "<group>"; };
		291620EF21E7423C0035A3B6 /* DisplayModel.swift */ = {isa = PBXFileReference; fileEncoding = 4; lastKnownFileType = sourcecode.swift; path = DisplayModel.swift; sourceTree = "<group>"; };
		291620F121E742BE0035A3B6 /* TinyExtension.swift */ = {isa = PBXFileReference; lastKnownFileType = sourcecode.swift; path = TinyExtension.swift; sourceTree = "<group>"; };
		291620F321E74D680035A3B6 /* DemosTableViewController.swift */ = {isa = PBXFileReference; lastKnownFileType = sourcecode.swift; path = DemosTableViewController.swift; sourceTree = "<group>"; };
		6BDDA80170756494EC2860A0 /* Pods-TinyPresentKitExamples.release.xcconfig */ = {isa = PBXFileReference; includeInIndex = 1; lastKnownFileType = text.xcconfig; name = "Pods-TinyPresentKitExamples.release.xcconfig"; path = "Pods/Target Support Files/Pods-TinyPresentKitExamples/Pods-TinyPresentKitExamples.release.xcconfig"; sourceTree = "<group>"; };
		C11058366E30EE3FCAF2987D /* Pods-TinyPresentKitExamples.debug.xcconfig */ = {isa = PBXFileReference; includeInIndex = 1; lastKnownFileType = text.xcconfig; name = "Pods-TinyPresentKitExamples.debug.xcconfig"; path = "Pods/Target Support Files/Pods-TinyPresentKitExamples/Pods-TinyPresentKitExamples.debug.xcconfig"; sourceTree = "<group>"; };
/* End PBXFileReference section */

/* Begin PBXFrameworksBuildPhase section */
		290B6B8F21DF65EB00C8CE2F /* Frameworks */ = {
			isa = PBXFrameworksBuildPhase;
			buildActionMask = 2147483647;
			files = (
				290B6BB221DF696700C8CE2F /* TinyPresentKit.framework in Frameworks */,
				D2CDB9BDFD2D8AAE162DA0DD /* Pods_TinyPresentKitExamples.framework in Frameworks */,
			);
			runOnlyForDeploymentPostprocessing = 0;
		};
/* End PBXFrameworksBuildPhase section */

/* Begin PBXGroup section */
		290B6B8921DF65EB00C8CE2F = {
			isa = PBXGroup;
			children = (
				290B6B9421DF65EB00C8CE2F /* TinyPresentKitExamples */,
				290B6B9321DF65EB00C8CE2F /* Products */,
				290B6BB021DF696700C8CE2F /* Frameworks */,
				C445F0944D68C12F1BF172E9 /* Pods */,
			);
			sourceTree = "<group>";
		};
		290B6B9321DF65EB00C8CE2F /* Products */ = {
			isa = PBXGroup;
			children = (
				290B6B9221DF65EB00C8CE2F /* TinyPresentKitExamples.app */,
			);
			name = Products;
			sourceTree = "<group>";
		};
		290B6B9421DF65EB00C8CE2F /* TinyPresentKitExamples */ = {
			isa = PBXGroup;
			children = (
				291620EF21E7423C0035A3B6 /* DisplayModel.swift */,
				291620ED21E741D50035A3B6 /* PickerViewController.swift */,
				290B6B9521DF65EB00C8CE2F /* AppDelegate.swift */,
				290B6B9921DF65EB00C8CE2F /* Main.storyboard */,
				290B6B9C21DF65ED00C8CE2F /* Assets.xcassets */,
				290B6B9E21DF65ED00C8CE2F /* LaunchScreen.storyboard */,
				290B6BA121DF65ED00C8CE2F /* Info.plist */,
				291620F121E742BE0035A3B6 /* TinyExtension.swift */,
				291620F321E74D680035A3B6 /* DemosTableViewController.swift */,
			);
			path = TinyPresentKitExamples;
			sourceTree = "<group>";
		};
		290B6BB021DF696700C8CE2F /* Frameworks */ = {
			isa = PBXGroup;
			children = (
				290B6BB121DF696700C8CE2F /* TinyPresentKit.framework */,
				128AA41E04F5590C2BA19F3E /* Pods_TinyPresentKitExamples.framework */,
			);
			name = Frameworks;
			sourceTree = "<group>";
		};
		C445F0944D68C12F1BF172E9 /* Pods */ = {
			isa = PBXGroup;
			children = (
				C11058366E30EE3FCAF2987D /* Pods-TinyPresentKitExamples.debug.xcconfig */,
				6BDDA80170756494EC2860A0 /* Pods-TinyPresentKitExamples.release.xcconfig */,
			);
			name = Pods;
			sourceTree = "<group>";
		};
/* End PBXGroup section */

/* Begin PBXNativeTarget section */
		290B6B9121DF65EB00C8CE2F /* TinyPresentKitExamples */ = {
			isa = PBXNativeTarget;
			buildConfigurationList = 290B6BA421DF65ED00C8CE2F /* Build configuration list for PBXNativeTarget "TinyPresentKitExamples" */;
			buildPhases = (
				05FA081A609CB586D78F5574 /* [CP] Check Pods Manifest.lock */,
				290B6B8E21DF65EB00C8CE2F /* Sources */,
				290B6B8F21DF65EB00C8CE2F /* Frameworks */,
				290B6B9021DF65EB00C8CE2F /* Resources */,
				0DF43DF53190A0EE41156E29 /* [CP] Embed Pods Frameworks */,
			);
			buildRules = (
			);
			dependencies = (
			);
			name = TinyPresentKitExamples;
			productName = TinyPresentKitExamples;
			productReference = 290B6B9221DF65EB00C8CE2F /* TinyPresentKitExamples.app */;
			productType = "com.apple.product-type.application";
		};
/* End PBXNativeTarget section */

/* Begin PBXProject section */
		290B6B8A21DF65EB00C8CE2F /* Project object */ = {
			isa = PBXProject;
			attributes = {
				LastSwiftUpdateCheck = 1010;
				LastUpgradeCheck = 1010;
				ORGANIZATIONNAME = dreamume;
				TargetAttributes = {
					290B6B9121DF65EB00C8CE2F = {
						CreatedOnToolsVersion = 10.1;
					};
				};
			};
			buildConfigurationList = 290B6B8D21DF65EB00C8CE2F /* Build configuration list for PBXProject "TinyPresentKitExamples" */;
			compatibilityVersion = "Xcode 9.3";
			developmentRegion = en;
			hasScannedForEncodings = 0;
			knownRegions = (
				en,
				Base,
			);
			mainGroup = 290B6B8921DF65EB00C8CE2F;
			productRefGroup = 290B6B9321DF65EB00C8CE2F /* Products */;
			projectDirPath = "";
			projectRoot = "";
			targets = (
				290B6B9121DF65EB00C8CE2F /* TinyPresentKitExamples */,
			);
		};
/* End PBXProject section */

/* Begin PBXResourcesBuildPhase section */
		290B6B9021DF65EB00C8CE2F /* Resources */ = {
			isa = PBXResourcesBuildPhase;
			buildActionMask = 2147483647;
			files = (
				290B6BA021DF65ED00C8CE2F /* LaunchScreen.storyboard in Resources */,
				290B6B9D21DF65ED00C8CE2F /* Assets.xcassets in Resources */,
				290B6B9B21DF65EB00C8CE2F /* Main.storyboard in Resources */,
			);
			runOnlyForDeploymentPostprocessing = 0;
		};
/* End PBXResourcesBuildPhase section */

/* Begin PBXShellScriptBuildPhase section */
		05FA081A609CB586D78F5574 /* [CP] Check Pods Manifest.lock */ = {
			isa = PBXShellScriptBuildPhase;
			buildActionMask = 2147483647;
			files = (
			);
			inputFileListPaths = (
			);
			inputPaths = (
				"${PODS_PODFILE_DIR_PATH}/Podfile.lock",
				"${PODS_ROOT}/Manifest.lock",
			);
			name = "[CP] Check Pods Manifest.lock";
			outputFileListPaths = (
			);
			outputPaths = (
				"$(DERIVED_FILE_DIR)/Pods-TinyPresentKitExamples-checkManifestLockResult.txt",
			);
			runOnlyForDeploymentPostprocessing = 0;
			shellPath = /bin/sh;
			shellScript = "diff \"${PODS_PODFILE_DIR_PATH}/Podfile.lock\" \"${PODS_ROOT}/Manifest.lock\" > /dev/null\nif [ $? != 0 ] ; then\n    # print error to STDERR\n    echo \"error: The sandbox is not in sync with the Podfile.lock. Run 'pod install' or update your CocoaPods installation.\" >&2\n    exit 1\nfi\n# This output is used by Xcode 'outputs' to avoid re-running this script phase.\necho \"SUCCESS\" > \"${SCRIPT_OUTPUT_FILE_0}\"\n";
			showEnvVarsInLog = 0;
		};
		0DF43DF53190A0EE41156E29 /* [CP] Embed Pods Frameworks */ = {
			isa = PBXShellScriptBuildPhase;
			buildActionMask = 2147483647;
			files = (
			);
			inputFileListPaths = (
			);
			inputPaths = (
				"${SRCROOT}/Pods/Target Support Files/Pods-TinyPresentKitExamples/Pods-TinyPresentKitExamples-frameworks.sh",
				"${BUILT_PRODUCTS_DIR}/SnapKit/SnapKit.framework",
				"${BUILT_PRODUCTS_DIR}/TinyPresentKit/TinyPresentKit.framework",
			);
			name = "[CP] Embed Pods Frameworks";
			outputFileListPaths = (
			);
			outputPaths = (
				"${TARGET_BUILD_DIR}/${FRAMEWORKS_FOLDER_PATH}/SnapKit.framework",
				"${TARGET_BUILD_DIR}/${FRAMEWORKS_FOLDER_PATH}/TinyPresentKit.framework",
			);
			runOnlyForDeploymentPostprocessing = 0;
			shellPath = /bin/sh;
			shellScript = "\"${SRCROOT}/Pods/Target Support Files/Pods-TinyPresentKitExamples/Pods-TinyPresentKitExamples-frameworks.sh\"\n";
			showEnvVarsInLog = 0;
		};
/* End PBXShellScriptBuildPhase section */

/* Begin PBXSourcesBuildPhase section */
		290B6B8E21DF65EB00C8CE2F /* Sources */ = {
			isa = PBXSourcesBuildPhase;
			buildActionMask = 2147483647;
			files = (
				290B6B9621DF65EB00C8CE2F /* AppDelegate.swift in Sources */,
				291620EE21E741D50035A3B6 /* PickerViewController.swift in Sources */,
				291620F421E74D680035A3B6 /* DemosTableViewController.swift in Sources */,
				291620F021E7423C0035A3B6 /* DisplayModel.swift in Sources */,
				291620F221E742BF0035A3B6 /* TinyExtension.swift in Sources */,
			);
			runOnlyForDeploymentPostprocessing = 0;
		};
/* End PBXSourcesBuildPhase section */

/* Begin PBXVariantGroup section */
		290B6B9921DF65EB00C8CE2F /* Main.storyboard */ = {
			isa = PBXVariantGroup;
			children = (
				290B6B9A21DF65EB00C8CE2F /* Base */,
			);
			name = Main.storyboard;
			sourceTree = "<group>";
		};
		290B6B9E21DF65ED00C8CE2F /* LaunchScreen.storyboard */ = {
			isa = PBXVariantGroup;
			children = (
				290B6B9F21DF65ED00C8CE2F /* Base */,
			);
			name = LaunchScreen.storyboard;
			sourceTree = "<group>";
		};
/* End PBXVariantGroup section */

/* Begin XCBuildConfiguration section */
		290B6BA221DF65ED00C8CE2F /* Debug */ = {
			isa = XCBuildConfiguration;
			buildSettings = {
				ALWAYS_SEARCH_USER_PATHS = NO;
				CLANG_ANALYZER_NONNULL = YES;
				CLANG_ANALYZER_NUMBER_OBJECT_CONVERSION = YES_AGGRESSIVE;
				CLANG_CXX_LANGUAGE_STANDARD = "gnu++14";
				CLANG_CXX_LIBRARY = "libc++";
				CLANG_ENABLE_MODULES = YES;
				CLANG_ENABLE_OBJC_ARC = YES;
				CLANG_ENABLE_OBJC_WEAK = YES;
				CLANG_WARN_BLOCK_CAPTURE_AUTORELEASING = YES;
				CLANG_WARN_BOOL_CONVERSION = YES;
				CLANG_WARN_COMMA = YES;
				CLANG_WARN_CONSTANT_CONVERSION = YES;
				CLANG_WARN_DEPRECATED_OBJC_IMPLEMENTATIONS = YES;
				CLANG_WARN_DIRECT_OBJC_ISA_USAGE = YES_ERROR;
				CLANG_WARN_DOCUMENTATION_COMMENTS = YES;
				CLANG_WARN_EMPTY_BODY = YES;
				CLANG_WARN_ENUM_CONVERSION = YES;
				CLANG_WARN_INFINITE_RECURSION = YES;
				CLANG_WARN_INT_CONVERSION = YES;
				CLANG_WARN_NON_LITERAL_NULL_CONVERSION = YES;
				CLANG_WARN_OBJC_IMPLICIT_RETAIN_SELF = YES;
				CLANG_WARN_OBJC_LITERAL_CONVERSION = YES;
				CLANG_WARN_OBJC_ROOT_CLASS = YES_ERROR;
				CLANG_WARN_RANGE_LOOP_ANALYSIS = YES;
				CLANG_WARN_STRICT_PROTOTYPES = YES;
				CLANG_WARN_SUSPICIOUS_MOVE = YES;
				CLANG_WARN_UNGUARDED_AVAILABILITY = YES_AGGRESSIVE;
				CLANG_WARN_UNREACHABLE_CODE = YES;
				CLANG_WARN__DUPLICATE_METHOD_MATCH = YES;
				CODE_SIGN_IDENTITY = "iPhone Developer";
				COPY_PHASE_STRIP = NO;
				DEBUG_INFORMATION_FORMAT = dwarf;
				ENABLE_STRICT_OBJC_MSGSEND = YES;
				ENABLE_TESTABILITY = YES;
				GCC_C_LANGUAGE_STANDARD = gnu11;
				GCC_DYNAMIC_NO_PIC = NO;
				GCC_NO_COMMON_BLOCKS = YES;
				GCC_OPTIMIZATION_LEVEL = 0;
				GCC_PREPROCESSOR_DEFINITIONS = (
					"DEBUG=1",
					"$(inherited)",
				);
				GCC_WARN_64_TO_32_BIT_CONVERSION = YES;
				GCC_WARN_ABOUT_RETURN_TYPE = YES_ERROR;
				GCC_WARN_UNDECLARED_SELECTOR = YES;
				GCC_WARN_UNINITIALIZED_AUTOS = YES_AGGRESSIVE;
				GCC_WARN_UNUSED_FUNCTION = YES;
				GCC_WARN_UNUSED_VARIABLE = YES;
				IPHONEOS_DEPLOYMENT_TARGET = 12.1;
				MTL_ENABLE_DEBUG_INFO = INCLUDE_SOURCE;
				MTL_FAST_MATH = YES;
				ONLY_ACTIVE_ARCH = YES;
				SDKROOT = iphoneos;
				SWIFT_ACTIVE_COMPILATION_CONDITIONS = DEBUG;
				SWIFT_OPTIMIZATION_LEVEL = "-Onone";
			};
			name = Debug;
		};
		290B6BA321DF65ED00C8CE2F /* Release */ = {
			isa = XCBuildConfiguration;
			buildSettings = {
				ALWAYS_SEARCH_USER_PATHS = NO;
				CLANG_ANALYZER_NONNULL = YES;
				CLANG_ANALYZER_NUMBER_OBJECT_CONVERSION = YES_AGGRESSIVE;
				CLANG_CXX_LANGUAGE_STANDARD = "gnu++14";
				CLANG_CXX_LIBRARY = "libc++";
				CLANG_ENABLE_MODULES = YES;
				CLANG_ENABLE_OBJC_ARC = YES;
				CLANG_ENABLE_OBJC_WEAK = YES;
				CLANG_WARN_BLOCK_CAPTURE_AUTORELEASING = YES;
				CLANG_WARN_BOOL_CONVERSION = YES;
				CLANG_WARN_COMMA = YES;
				CLANG_WARN_CONSTANT_CONVERSION = YES;
				CLANG_WARN_DEPRECATED_OBJC_IMPLEMENTATIONS = YES;
				CLANG_WARN_DIRECT_OBJC_ISA_USAGE = YES_ERROR;
				CLANG_WARN_DOCUMENTATION_COMMENTS = YES;
				CLANG_WARN_EMPTY_BODY = YES;
				CLANG_WARN_ENUM_CONVERSION = YES;
				CLANG_WARN_INFINITE_RECURSION = YES;
				CLANG_WARN_INT_CONVERSION = YES;
				CLANG_WARN_NON_LITERAL_NULL_CONVERSION = YES;
				CLANG_WARN_OBJC_IMPLICIT_RETAIN_SELF = YES;
				CLANG_WARN_OBJC_LITERAL_CONVERSION = YES;
				CLANG_WARN_OBJC_ROOT_CLASS = YES_ERROR;
				CLANG_WARN_RANGE_LOOP_ANALYSIS = YES;
				CLANG_WARN_STRICT_PROTOTYPES = YES;
				CLANG_WARN_SUSPICIOUS_MOVE = YES;
				CLANG_WARN_UNGUARDED_AVAILABILITY = YES_AGGRESSIVE;
				CLANG_WARN_UNREACHABLE_CODE = YES;
				CLANG_WARN__DUPLICATE_METHOD_MATCH = YES;
				CODE_SIGN_IDENTITY = "iPhone Developer";
				COPY_PHASE_STRIP = NO;
				DEBUG_INFORMATION_FORMAT = "dwarf-with-dsym";
				ENABLE_NS_ASSERTIONS = NO;
				ENABLE_STRICT_OBJC_MSGSEND = YES;
				GCC_C_LANGUAGE_STANDARD = gnu11;
				GCC_NO_COMMON_BLOCKS = YES;
				GCC_WARN_64_TO_32_BIT_CONVERSION = YES;
				GCC_WARN_ABOUT_RETURN_TYPE = YES_ERROR;
				GCC_WARN_UNDECLARED_SELECTOR = YES;
				GCC_WARN_UNINITIALIZED_AUTOS = YES_AGGRESSIVE;
				GCC_WARN_UNUSED_FUNCTION = YES;
				GCC_WARN_UNUSED_VARIABLE = YES;
				IPHONEOS_DEPLOYMENT_TARGET = 12.1;
				MTL_ENABLE_DEBUG_INFO = NO;
				MTL_FAST_MATH = YES;
				SDKROOT = iphoneos;
				SWIFT_COMPILATION_MODE = wholemodule;
				SWIFT_OPTIMIZATION_LEVEL = "-O";
				VALIDATE_PRODUCT = YES;
			};
			name = Release;
		};
		290B6BA521DF65ED00C8CE2F /* Debug */ = {
			isa = XCBuildConfiguration;
			baseConfigurationReference = C11058366E30EE3FCAF2987D /* Pods-TinyPresentKitExamples.debug.xcconfig */;
			buildSettings = {
				ASSETCATALOG_COMPILER_APPICON_NAME = AppIcon;
				CODE_SIGN_STYLE = Manual;
				DEVELOPMENT_TEAM = "";
				INFOPLIST_FILE = TinyPresentKitExamples/Info.plist;
				IPHONEOS_DEPLOYMENT_TARGET = 9.0;
				LD_RUNPATH_SEARCH_PATHS = (
					"$(inherited)",
					"@executable_path/Frameworks",
				);
				PRODUCT_BUNDLE_IDENTIFIER = com.dreamume.TinyPresentKitExample;
				PRODUCT_NAME = "$(TARGET_NAME)";
				PROVISIONING_PROFILE_SPECIFIER = "";
				SWIFT_VERSION = 4.2;
				TARGETED_DEVICE_FAMILY = "1,2";
			};
			name = Debug;
		};
		290B6BA621DF65ED00C8CE2F /* Release */ = {
			isa = XCBuildConfiguration;
			baseConfigurationReference = 6BDDA80170756494EC2860A0 /* Pods-TinyPresentKitExamples.release.xcconfig */;
			buildSettings = {
				ASSETCATALOG_COMPILER_APPICON_NAME = AppIcon;
				CODE_SIGN_STYLE = Manual;
				DEVELOPMENT_TEAM = "";
				INFOPLIST_FILE = TinyPresentKitExample/Info.plist;
				IPHONEOS_DEPLOYMENT_TARGET = 9.0;
				LD_RUNPATH_SEARCH_PATHS = (
					"$(inherited)",
					"@executable_path/Frameworks",
				);
				PRODUCT_BUNDLE_IDENTIFIER = com.dreamume.TinyPresentKitExample;
				PRODUCT_NAME = "$(TARGET_NAME)";
				PROVISIONING_PROFILE_SPECIFIER = "";
				SWIFT_VERSION = 4.2;
				TARGETED_DEVICE_FAMILY = "1,2";
			};
			name = Release;
		};
/* End XCBuildConfiguration section */

/* Begin XCConfigurationList section */
		290B6B8D21DF65EB00C8CE2F /* Build configuration list for PBXProject "TinyPresentKitExamples" */ = {
			isa = XCConfigurationList;
			buildConfigurations = (
				290B6BA221DF65ED00C8CE2F /* Debug */,
				290B6BA321DF65ED00C8CE2F /* Release */,
			);
			defaultConfigurationIsVisible = 0;
			defaultConfigurationName = Release;
		};
		290B6BA421DF65ED00C8CE2F /* Build configuration list for PBXNativeTarget "TinyPresentKitExamples" */ = {
			isa = XCConfigurationList;
			buildConfigurations = (
				290B6BA521DF65ED00C8CE2F /* Debug */,
				290B6BA621DF65ED00C8CE2F /* Release */,
			);
			defaultConfigurationIsVisible = 0;
			defaultConfigurationName = Release;
		};
/* End XCConfigurationList section */
	};
	rootObject = 290B6B8A21DF65EB00C8CE2F /* Project object */;
}
